
Microsoft Visual Studio Solution File, Format Version 12.00
# Visual Studio 14
VisualStudioVersion = 14.0.25420.1
MinimumVisualStudioVersion = 10.0.40219.1
Project("{FAE04EC0-301F-11D3-BF4B-00C04F79EFBC}") = "StudentManagementSystem", "StudentManagementSystem\StudentManagementSystem.csproj", "{4BFF043F-3127-48DD-851A-2B6AB89F0363}"
EndProject
Project("{FAE04EC0-301F-11D3-BF4B-00C04F79EFBC}") = "StudentManagementSystem.DATA", "StudentManagementSystem.DATA\StudentManagementSystem.DATA.csproj", "{2FA3B380-8946-4621-8DB3-FAC50E85ECC9}"
EndProject
Project("{FAE04EC0-301F-11D3-BF4B-00C04F79EFBC}") = "StudentManagementSystem.BL", "StudentManagementSystem.BL\StudentManagementSystem.BL.csproj", "{FE095C0B-08F2-4ECA-9F60-229E5034874D}"
EndProject
Global
	GlobalSection(SolutionConfigurationPlatforms) = preSolution
		Debug|Any CPU = Debug|Any CPU
		Release|Any CPU = Release|Any CPU
	EndGlobalSection
	GlobalSection(ProjectConfigurationPlatforms) = postSolution
		{4BFF043F-3127-48DD-851A-2B6AB89F0363}.Debug|Any CPU.ActiveCfg = Debug|Any CPU
		{4BFF043F-3127-48DD-851A-2B6AB89F0363}.Debug|Any CPU.Build.0 = Debug|Any CPU
		{4BFF043F-3127-48DD-851A-2B6AB89F0363}.Release|Any CPU.ActiveCfg = Release|Any CPU
		{4BFF043F-3127-48DD-851A-2B6AB89F0363}.Release|Any CPU.Build.0 = Release|Any CPU
		{2FA3B380-8946-4621-8DB3-FAC50E85ECC9}.Debug|Any CPU.ActiveCfg = Debug|Any CPU
		{2FA3B380-8946-4621-8DB3-FAC50E85ECC9}.Debug|Any CPU.Build.0 = Debug|Any CPU
		{2FA3B380-8946-4621-8DB3-FAC50E85ECC9}.Release|Any CPU.ActiveCfg = Release|Any CPU
		{2FA3B380-8946-4621-8DB3-FAC50E85ECC9}.Release|Any CPU.Build.0 = Release|Any CPU
		{FE095C0B-08F2-4ECA-9F60-229E5034874D}.Debug|Any CPU.ActiveCfg = Debug|Any CPU
		{FE095C0B-08F2-4ECA-9F60-229E5034874D}.Debug|Any CPU.Build.0 = Debug|Any CPU
		{FE095C0B-08F2-4ECA-9F60-229E5034874D}.Release|Any CPU.ActiveCfg = Release|Any CPU
		{FE095C0B-08F2-4ECA-9F60-229E5034874D}.Release|Any CPU.Build.0 = Release|Any CPU
	EndGlobalSection
	GlobalSection(SolutionProperties) = preSolution
		HideSolutionNode = FALSE
	EndGlobalSection
EndGlobal
